
Microsoft Visual Studio Solution File, Format Version 12.00
# Visual Studio Version 16
VisualStudioVersion = 16.0.29926.136
MinimumVisualStudioVersion = 10.0.40219.1
Project("{FAE04EC0-301F-11D3-BF4B-00C04F79EFBC}") = "OnlineShoePortal", "OnlineShoePortal.csproj", "{1A317C1A-4914-4D63-AE3D-621198A4D898}"
EndProject
Global
	GlobalSection(SolutionConfigurationPlatforms) = preSolution
		Debug|Any CPU = Debug|Any CPU
		Release|Any CPU = Release|Any CPU
	EndGlobalSection
	GlobalSection(ProjectConfigurationPlatforms) = postSolution
		{1A317C1A-4914-4D63-AE3D-621198A4D898}.Debug|Any CPU.ActiveCfg = Debug|Any CPU
		{1A317C1A-4914-4D63-AE3D-621198A4D898}.Debug|Any CPU.Build.0 = Debug|Any CPU
		{1A317C1A-4914-4D63-AE3D-621198A4D898}.Release|Any CPU.ActiveCfg = Release|Any CPU
		{1A317C1A-4914-4D63-AE3D-621198A4D898}.Release|Any CPU.Build.0 = Release|Any CPU
	EndGlobalSection
	GlobalSection(SolutionProperties) = preSolution
		HideSolutionNode = FALSE
	EndGlobalSection
	GlobalSection(ExtensibilityGlobals) = postSolution
		SolutionGuid = {3C681B7D-4066-43DA-8C52-18F01A70C1C7}
	EndGlobalSection
EndGlobal
